
Microsoft Visual Studio Solution File, Format Version 12.00
# Visual Studio Version 17
VisualStudioVersion = 17.3.32901.215
MinimumVisualStudioVersion = 10.0.40219.1
Project("{FAE04EC0-301F-11D3-BF4B-00C04F79EFBC}") = "ASP.NET_Examples", "ASP.NET_Examples\ASP.NET_Examples.csproj", "{39807946-1D12-473A-932E-40FED0FAC607}"
EndProject
Project("{FAE04EC0-301F-11D3-BF4B-00C04F79EFBC}") = "Db_Context_Example", "Db_Context_Example\Db_Context_Example.csproj", "{53F9CB2A-F3D2-464F-BA11-FDDC350D4415}"
EndProject
Global
	GlobalSection(SolutionConfigurationPlatforms) = preSolution
		Debug|Any CPU = Debug|Any CPU
		Release|Any CPU = Release|Any CPU
	EndGlobalSection
	GlobalSection(ProjectConfigurationPlatforms) = postSolution
		{39807946-1D12-473A-932E-40FED0FAC607}.Debug|Any CPU.ActiveCfg = Debug|Any CPU
		{39807946-1D12-473A-932E-40FED0FAC607}.Debug|Any CPU.Build.0 = Debug|Any CPU
		{39807946-1D12-473A-932E-40FED0FAC607}.Release|Any CPU.ActiveCfg = Release|Any CPU
		{39807946-1D12-473A-932E-40FED0FAC607}.Release|Any CPU.Build.0 = Release|Any CPU
		{53F9CB2A-F3D2-464F-BA11-FDDC350D4415}.Debug|Any CPU.ActiveCfg = Debug|Any CPU
		{53F9CB2A-F3D2-464F-BA11-FDDC350D4415}.Debug|Any CPU.Build.0 = Debug|Any CPU
		{53F9CB2A-F3D2-464F-BA11-FDDC350D4415}.Release|Any CPU.ActiveCfg = Release|Any CPU
		{53F9CB2A-F3D2-464F-BA11-FDDC350D4415}.Release|Any CPU.Build.0 = Release|Any CPU
	EndGlobalSection
	GlobalSection(SolutionProperties) = preSolution
		HideSolutionNode = FALSE
	EndGlobalSection
	GlobalSection(ExtensibilityGlobals) = postSolution
		SolutionGuid = {1FCC7532-0E93-4BF7-A17E-06D093E60A13}
	EndGlobalSection
EndGlobal
